Microsoft Visual Studio Solution File, Format Version 11.00
# Visual Studio 2008

Project("{68EC7D54-9EE0-5510-C20C-DDE4A6E9042A}") = "LeapMotionTest", "Assembly-CSharp.csproj", "{DB4D82E0-7897-F730-9B6C-6A7CBC7FE1D2}"
EndProject
Project("{68EC7D54-9EE0-5510-C20C-DDE4A6E9042A}") = "LeapMotionTest", "Assembly-CSharp-Editor.csproj", "{A47D738A-03A5-B7B7-D5F4-B19674BA2B60}"
EndProject
Global
	GlobalSection(SolutionConfigurationPlatforms) = preSolution
		Debug|Any CPU = Debug|Any CPU
		Release|Any CPU = Release|Any CPU
	EndGlobalSection
	GlobalSection(ProjectConfigurationPlatforms) = postSolution
		{DB4D82E0-7897-F730-9B6C-6A7CBC7FE1D2}.Debug|Any CPU.ActiveCfg = Debug|Any CPU
		{DB4D82E0-7897-F730-9B6C-6A7CBC7FE1D2}.Debug|Any CPU.Build.0 = Debug|Any CPU
		{DB4D82E0-7897-F730-9B6C-6A7CBC7FE1D2}.Release|Any CPU.ActiveCfg = Release|Any CPU
		{DB4D82E0-7897-F730-9B6C-6A7CBC7FE1D2}.Release|Any CPU.Build.0 = Release|Any CPU
		{A47D738A-03A5-B7B7-D5F4-B19674BA2B60}.Debug|Any CPU.ActiveCfg = Debug|Any CPU
		{A47D738A-03A5-B7B7-D5F4-B19674BA2B60}.Debug|Any CPU.Build.0 = Debug|Any CPU
		{A47D738A-03A5-B7B7-D5F4-B19674BA2B60}.Release|Any CPU.ActiveCfg = Release|Any CPU
		{A47D738A-03A5-B7B7-D5F4-B19674BA2B60}.Release|Any CPU.Build.0 = Release|Any CPU
	EndGlobalSection
	GlobalSection(SolutionProperties) = preSolution
		HideSolutionNode = FALSE
	EndGlobalSection
														GlobalSection(MonoDevelopProperties) = preSolution
		StartupItem = Assembly-CSharp.csproj
		Policies = $0
		$0.TextStylePolicy = $1
		$1.inheritsSet = null
		$1.scope = text/x-csharp
		$0.CSharpFormattingPolicy = $2
		$2.inheritsSet = Mono
		$2.inheritsScope = text/x-csharp
		$2.scope = text/x-csharp
		$0.TextStylePolicy = $3
		$3.FileWidth = 120
		$3.TabWidth = 4
		$3.IndentWidth = 4
		$3.EolMarker = Unix
		$3.inheritsSet = Mono
		$3.inheritsScope = text/plain
		$3.scope = text/plain
	EndGlobalSection

EndGlobal
